
Microsoft Visual Studio Solution File, Format Version 12.00
# Visual Studio Version 16
VisualStudioVersion = 16.0.32510.428
MinimumVisualStudioVersion = 10.0.40219.1
Project("{9A19103F-16F7-4668-BE54-9A1E7A4F7556}") = "Telemetrix.API", "Telemetrix.API.csproj", "{9DA85D94-FA96-4348-858E-3647D4879199}"
EndProject
Global
	GlobalSection(SolutionConfigurationPlatforms) = preSolution
		Debug|Any CPU = Debug|Any CPU
		Release|Any CPU = Release|Any CPU
	EndGlobalSection
	GlobalSection(ProjectConfigurationPlatforms) = postSolution
		{9DA85D94-FA96-4348-858E-3647D4879199}.Debug|Any CPU.ActiveCfg = Debug|Any CPU
		{9DA85D94-FA96-4348-858E-3647D4879199}.Debug|Any CPU.Build.0 = Debug|Any CPU
		{9DA85D94-FA96-4348-858E-3647D4879199}.Release|Any CPU.ActiveCfg = Release|Any CPU
		{9DA85D94-FA96-4348-858E-3647D4879199}.Release|Any CPU.Build.0 = Release|Any CPU
	EndGlobalSection
	GlobalSection(SolutionProperties) = preSolution
		HideSolutionNode = FALSE
	EndGlobalSection
	GlobalSection(ExtensibilityGlobals) = postSolution
		SolutionGuid = {F29DC2CB-4221-4A91-ADC6-53DA264B0029}
	EndGlobalSection
EndGlobal
